
Microsoft Visual Studio Solution File, Format Version 12.00
# Visual Studio Version 17
VisualStudioVersion = 17.8.34330.188
MinimumVisualStudioVersion = 10.0.40219.1
Project("{FAE04EC0-301F-11D3-BF4B-00C04F79EFBC}") = "Real Estate", "Real Estate\Real Estate.csproj", "{EC67FD5B-AE98-4DDF-8FF5-70D95EB82A06}"
EndProject
Global
	GlobalSection(SolutionConfigurationPlatforms) = preSolution
		Debug|Any CPU = Debug|Any CPU
		Release|Any CPU = Release|Any CPU
	EndGlobalSection
	GlobalSection(ProjectConfigurationPlatforms) = postSolution
		{EC67FD5B-AE98-4DDF-8FF5-70D95EB82A06}.Debug|Any CPU.ActiveCfg = Debug|Any CPU
		{EC67FD5B-AE98-4DDF-8FF5-70D95EB82A06}.Debug|Any CPU.Build.0 = Debug|Any CPU
		{EC67FD5B-AE98-4DDF-8FF5-70D95EB82A06}.Release|Any CPU.ActiveCfg = Release|Any CPU
		{EC67FD5B-AE98-4DDF-8FF5-70D95EB82A06}.Release|Any CPU.Build.0 = Release|Any CPU
	EndGlobalSection
	GlobalSection(SolutionProperties) = preSolution
		HideSolutionNode = FALSE
	EndGlobalSection
	GlobalSection(ExtensibilityGlobals) = postSolution
		SolutionGuid = {936584F0-FEEB-40DF-95E2-6F9F4F75451A}
	EndGlobalSection
EndGlobal
